
Microsoft Visual Studio Solution File, Format Version 12.00
# Visual Studio Version 16
VisualStudioVersion = 16.0.31729.503
MinimumVisualStudioVersion = 10.0.40219.1
Project("{FAE04EC0-301F-11D3-BF4B-00C04F79EFBC}") = "ABCbankingsystem", "ABCbankingsystem.csproj", "{4F9743C8-76FE-4ACA-95C3-C32668B73D9F}"
EndProject
Global
	GlobalSection(SolutionConfigurationPlatforms) = preSolution
		Debug|Any CPU = Debug|Any CPU
		Release|Any CPU = Release|Any CPU
	EndGlobalSection
	GlobalSection(ProjectConfigurationPlatforms) = postSolution
		{4F9743C8-76FE-4ACA-95C3-C32668B73D9F}.Debug|Any CPU.ActiveCfg = Debug|Any CPU
		{4F9743C8-76FE-4ACA-95C3-C32668B73D9F}.Debug|Any CPU.Build.0 = Debug|Any CPU
		{4F9743C8-76FE-4ACA-95C3-C32668B73D9F}.Release|Any CPU.ActiveCfg = Release|Any CPU
		{4F9743C8-76FE-4ACA-95C3-C32668B73D9F}.Release|Any CPU.Build.0 = Release|Any CPU
	EndGlobalSection
	GlobalSection(SolutionProperties) = preSolution
		HideSolutionNode = FALSE
	EndGlobalSection
	GlobalSection(ExtensibilityGlobals) = postSolution
		SolutionGuid = {6FD83210-06E6-4F96-AABF-9409DB51CFBD}
	EndGlobalSection
EndGlobal
